
Microsoft Visual Studio Solution File, Format Version 12.00
# Visual Studio Version 17
VisualStudioVersion = 17.6.33712.159
MinimumVisualStudioVersion = 10.0.40219.1
Project("{9A19103F-16F7-4668-BE54-9A1E7A4F7556}") = "Server", "Server\Server.csproj", "{03A4495B-E6CF-4CB6-8E35-155DA43CDB96}"
EndProject
Project("{9A19103F-16F7-4668-BE54-9A1E7A4F7556}") = "DataModel", "DataModel\DataModel.csproj", "{4C68F504-74EC-49E0-826A-0F853C23AD02}"
EndProject
Project("{9A19103F-16F7-4668-BE54-9A1E7A4F7556}") = "Facade", "Facade\Facade.csproj", "{D7C8159E-508E-4B5B-8C07-339AEE088E0B}"
EndProject
Project("{9A19103F-16F7-4668-BE54-9A1E7A4F7556}") = "Service", "Service\Service.csproj", "{A25C254A-8905-4D4A-B9E2-647980A73468}"
EndProject
Project("{FAE04EC0-301F-11D3-BF4B-00C04F79EFBC}") = "UnitTests", "UnitTests\UnitTests.csproj", "{55DC727E-4B0A-4D41-A4BB-21C0A98FF82A}"
EndProject
Global
	GlobalSection(SolutionConfigurationPlatforms) = preSolution
		Debug|Any CPU = Debug|Any CPU
		Release|Any CPU = Release|Any CPU
	EndGlobalSection
	GlobalSection(ProjectConfigurationPlatforms) = postSolution
		{03A4495B-E6CF-4CB6-8E35-155DA43CDB96}.Debug|Any CPU.ActiveCfg = Debug|Any CPU
		{03A4495B-E6CF-4CB6-8E35-155DA43CDB96}.Debug|Any CPU.Build.0 = Debug|Any CPU
		{03A4495B-E6CF-4CB6-8E35-155DA43CDB96}.Release|Any CPU.ActiveCfg = Release|Any CPU
		{03A4495B-E6CF-4CB6-8E35-155DA43CDB96}.Release|Any CPU.Build.0 = Release|Any CPU
		{4C68F504-74EC-49E0-826A-0F853C23AD02}.Debug|Any CPU.ActiveCfg = Debug|Any CPU
		{4C68F504-74EC-49E0-826A-0F853C23AD02}.Debug|Any CPU.Build.0 = Debug|Any CPU
		{4C68F504-74EC-49E0-826A-0F853C23AD02}.Release|Any CPU.ActiveCfg = Release|Any CPU
		{4C68F504-74EC-49E0-826A-0F853C23AD02}.Release|Any CPU.Build.0 = Release|Any CPU
		{D7C8159E-508E-4B5B-8C07-339AEE088E0B}.Debug|Any CPU.ActiveCfg = Debug|Any CPU
		{D7C8159E-508E-4B5B-8C07-339AEE088E0B}.Debug|Any CPU.Build.0 = Debug|Any CPU
		{D7C8159E-508E-4B5B-8C07-339AEE088E0B}.Release|Any CPU.ActiveCfg = Release|Any CPU
		{D7C8159E-508E-4B5B-8C07-339AEE088E0B}.Release|Any CPU.Build.0 = Release|Any CPU
		{A25C254A-8905-4D4A-B9E2-647980A73468}.Debug|Any CPU.ActiveCfg = Debug|Any CPU
		{A25C254A-8905-4D4A-B9E2-647980A73468}.Debug|Any CPU.Build.0 = Debug|Any CPU
		{A25C254A-8905-4D4A-B9E2-647980A73468}.Release|Any CPU.ActiveCfg = Release|Any CPU
		{A25C254A-8905-4D4A-B9E2-647980A73468}.Release|Any CPU.Build.0 = Release|Any CPU
		{55DC727E-4B0A-4D41-A4BB-21C0A98FF82A}.Debug|Any CPU.ActiveCfg = Debug|Any CPU
		{55DC727E-4B0A-4D41-A4BB-21C0A98FF82A}.Debug|Any CPU.Build.0 = Debug|Any CPU
		{55DC727E-4B0A-4D41-A4BB-21C0A98FF82A}.Release|Any CPU.ActiveCfg = Release|Any CPU
		{55DC727E-4B0A-4D41-A4BB-21C0A98FF82A}.Release|Any CPU.Build.0 = Release|Any CPU
	EndGlobalSection
	GlobalSection(SolutionProperties) = preSolution
		HideSolutionNode = FALSE
	EndGlobalSection
	GlobalSection(ExtensibilityGlobals) = postSolution
		SolutionGuid = {6EC26B17-F248-4AF3-869C-D0016124BABE}
	EndGlobalSection
EndGlobal
