
Microsoft Visual Studio Solution File, Format Version 12.00
# Visual Studio Version 17
VisualStudioVersion = 17.6.33712.159
MinimumVisualStudioVersion = 10.0.40219.1
Project("{FAE04EC0-301F-11D3-BF4B-00C04F79EFBC}") = "Server", "Server\Server.csproj", "{03A4495B-E6CF-4CB6-8E35-155DA43CDB96}"
EndProject
Project("{FAE04EC0-301F-11D3-BF4B-00C04F79EFBC}") = "DataModel", "DataModel\DataModel.csproj", "{4C68F504-74EC-49E0-826A-0F853C23AD02}"
EndProject
Global
	GlobalSection(SolutionConfigurationPlatforms) = preSolution
		Debug|Any CPU = Debug|Any CPU
		Release|Any CPU = Release|Any CPU
	EndGlobalSection
	GlobalSection(ProjectConfigurationPlatforms) = postSolution
		{03A4495B-E6CF-4CB6-8E35-155DA43CDB96}.Debug|Any CPU.ActiveCfg = Debug|Any CPU
		{03A4495B-E6CF-4CB6-8E35-155DA43CDB96}.Debug|Any CPU.Build.0 = Debug|Any CPU
		{03A4495B-E6CF-4CB6-8E35-155DA43CDB96}.Release|Any CPU.ActiveCfg = Release|Any CPU
		{03A4495B-E6CF-4CB6-8E35-155DA43CDB96}.Release|Any CPU.Build.0 = Release|Any CPU
		{4C68F504-74EC-49E0-826A-0F853C23AD02}.Debug|Any CPU.ActiveCfg = Debug|Any CPU
		{4C68F504-74EC-49E0-826A-0F853C23AD02}.Debug|Any CPU.Build.0 = Debug|Any CPU
		{4C68F504-74EC-49E0-826A-0F853C23AD02}.Release|Any CPU.ActiveCfg = Release|Any CPU
		{4C68F504-74EC-49E0-826A-0F853C23AD02}.Release|Any CPU.Build.0 = Release|Any CPU
	EndGlobalSection
	GlobalSection(SolutionProperties) = preSolution
		HideSolutionNode = FALSE
	EndGlobalSection
	GlobalSection(ExtensibilityGlobals) = postSolution
		SolutionGuid = {6EC26B17-F248-4AF3-869C-D0016124BABE}
	EndGlobalSection
EndGlobal
